
Microsoft Visual Studio Solution File, Format Version 12.00
# Visual Studio Version 17
VisualStudioVersion = 17.8.34330.188
MinimumVisualStudioVersion = 10.0.40219.1
Project("{FAE04EC0-301F-11D3-BF4B-00C04F79EFBC}") = "Sample_4", "Sample_4\Sample_4.csproj", "{AC520A95-E446-452E-9BF6-86B1ED36DE0E}"
EndProject
Project("{FAE04EC0-301F-11D3-BF4B-00C04F79EFBC}") = "ChildProject", "ChildProject\ChildProject.csproj", "{EE218A31-762E-4887-93CC-BCAB1C1579F7}"
EndProject
Project("{FAE04EC0-301F-11D3-BF4B-00C04F79EFBC}") = "ChildProject1", "ChildProject1\ChildProject1.csproj", "{0E845C62-B6D6-4227-8138-DE4927DA49CD}"
EndProject
Global
	GlobalSection(SolutionConfigurationPlatforms) = preSolution
		Debug|Any CPU = Debug|Any CPU
		Release|Any CPU = Release|Any CPU
	EndGlobalSection
	GlobalSection(ProjectConfigurationPlatforms) = postSolution
		{AC520A95-E446-452E-9BF6-86B1ED36DE0E}.Debug|Any CPU.ActiveCfg = Debug|Any CPU
		{AC520A95-E446-452E-9BF6-86B1ED36DE0E}.Debug|Any CPU.Build.0 = Debug|Any CPU
		{AC520A95-E446-452E-9BF6-86B1ED36DE0E}.Release|Any CPU.ActiveCfg = Release|Any CPU
		{AC520A95-E446-452E-9BF6-86B1ED36DE0E}.Release|Any CPU.Build.0 = Release|Any CPU
		{EE218A31-762E-4887-93CC-BCAB1C1579F7}.Debug|Any CPU.ActiveCfg = Debug|Any CPU
		{EE218A31-762E-4887-93CC-BCAB1C1579F7}.Debug|Any CPU.Build.0 = Debug|Any CPU
		{EE218A31-762E-4887-93CC-BCAB1C1579F7}.Release|Any CPU.ActiveCfg = Release|Any CPU
		{EE218A31-762E-4887-93CC-BCAB1C1579F7}.Release|Any CPU.Build.0 = Release|Any CPU
		{0E845C62-B6D6-4227-8138-DE4927DA49CD}.Debug|Any CPU.ActiveCfg = Debug|Any CPU
		{0E845C62-B6D6-4227-8138-DE4927DA49CD}.Debug|Any CPU.Build.0 = Debug|Any CPU
		{0E845C62-B6D6-4227-8138-DE4927DA49CD}.Release|Any CPU.ActiveCfg = Release|Any CPU
		{0E845C62-B6D6-4227-8138-DE4927DA49CD}.Release|Any CPU.Build.0 = Release|Any CPU
	EndGlobalSection
	GlobalSection(SolutionProperties) = preSolution
		HideSolutionNode = FALSE
	EndGlobalSection
	GlobalSection(ExtensibilityGlobals) = postSolution
		SolutionGuid = {68BDFD85-95A2-4994-A3A0-1B1DFD6DAFBB}
	EndGlobalSection
EndGlobal
